
Microsoft Visual Studio Solution File, Format Version 12.00
# Visual Studio Version 16
VisualStudioVersion = 16.0.29709.97
MinimumVisualStudioVersion = 10.0.40219.1
Project("{FAE04EC0-301F-11D3-BF4B-00C04F79EFBC}") = "Udemy.QuickBuy.Dominio", "Udemy.QuickBuy.Dominio\Udemy.QuickBuy.Dominio.csproj", "{1DACB48B-7C1E-4CDC-8CAB-B3DB008C5363}"
EndProject
Project("{FAE04EC0-301F-11D3-BF4B-00C04F79EFBC}") = "Udemy.QuickBuy.Repositorio", "Udemy.QuickBuy.Repositorio\Udemy.QuickBuy.Repositorio.csproj", "{5D85AC16-D184-49DD-87F6-9276269362BB}"
EndProject
Project("{FAE04EC0-301F-11D3-BF4B-00C04F79EFBC}") = "Udemy.QuickBuy.Web", "Udemy.QuickBuy.Web\Udemy.QuickBuy.Web.csproj", "{EAD9E654-D595-439A-8227-A505F7DD5E29}"
EndProject
Global
	GlobalSection(SolutionConfigurationPlatforms) = preSolution
		Debug|Any CPU = Debug|Any CPU
		Release|Any CPU = Release|Any CPU
	EndGlobalSection
	GlobalSection(ProjectConfigurationPlatforms) = postSolution
		{1DACB48B-7C1E-4CDC-8CAB-B3DB008C5363}.Debug|Any CPU.ActiveCfg = Debug|Any CPU
		{1DACB48B-7C1E-4CDC-8CAB-B3DB008C5363}.Debug|Any CPU.Build.0 = Debug|Any CPU
		{1DACB48B-7C1E-4CDC-8CAB-B3DB008C5363}.Release|Any CPU.ActiveCfg = Release|Any CPU
		{1DACB48B-7C1E-4CDC-8CAB-B3DB008C5363}.Release|Any CPU.Build.0 = Release|Any CPU
		{5D85AC16-D184-49DD-87F6-9276269362BB}.Debug|Any CPU.ActiveCfg = Debug|Any CPU
		{5D85AC16-D184-49DD-87F6-9276269362BB}.Debug|Any CPU.Build.0 = Debug|Any CPU
		{5D85AC16-D184-49DD-87F6-9276269362BB}.Release|Any CPU.ActiveCfg = Release|Any CPU
		{5D85AC16-D184-49DD-87F6-9276269362BB}.Release|Any CPU.Build.0 = Release|Any CPU
		{EAD9E654-D595-439A-8227-A505F7DD5E29}.Debug|Any CPU.ActiveCfg = Debug|Any CPU
		{EAD9E654-D595-439A-8227-A505F7DD5E29}.Debug|Any CPU.Build.0 = Debug|Any CPU
		{EAD9E654-D595-439A-8227-A505F7DD5E29}.Release|Any CPU.ActiveCfg = Release|Any CPU
		{EAD9E654-D595-439A-8227-A505F7DD5E29}.Release|Any CPU.Build.0 = Release|Any CPU
	EndGlobalSection
	GlobalSection(SolutionProperties) = preSolution
		HideSolutionNode = FALSE
	EndGlobalSection
	GlobalSection(ExtensibilityGlobals) = postSolution
		SolutionGuid = {179167E6-7910-475A-A430-74A197D7BA60}
	EndGlobalSection
EndGlobal
